
Microsoft Visual Studio Solution File, Format Version 12.00
# Visual Studio 15
VisualStudioVersion = 15.0.28307.421
MinimumVisualStudioVersion = 10.0.40219.1
Project("{888888A0-9F3D-457C-B088-3A5042F75D52}") = "MarvinTheParanoidAndroid", "MarvinTheParanoidAndroid.pyproj", "{A782CC09-714B-4424-9472-81B900047A5C}"
EndProject
Global
	GlobalSection(SolutionConfigurationPlatforms) = preSolution
		Debug|Any CPU = Debug|Any CPU
		Release|Any CPU = Release|Any CPU
	EndGlobalSection
	GlobalSection(ProjectConfigurationPlatforms) = postSolution
		{A782CC09-714B-4424-9472-81B900047A5C}.Debug|Any CPU.ActiveCfg = Debug|Any CPU
		{A782CC09-714B-4424-9472-81B900047A5C}.Release|Any CPU.ActiveCfg = Release|Any CPU
	EndGlobalSection
	GlobalSection(SolutionProperties) = preSolution
		HideSolutionNode = FALSE
	EndGlobalSection
	GlobalSection(ExtensibilityGlobals) = postSolution
		SolutionGuid = {1BEB21B7-A265-4159-BA1C-CAADAB42D6FB}
	EndGlobalSection
EndGlobal
