{
    "_meta": {
        "hash": {
            "sha256": "67b14facb0b907473c932ef7638a96dc50ee0b3f9c7cb2ee56485f361703556d"
        },
        "pipfile-spec": 6,
        "requires": {},
        "sources": [
            {
                "name": "pypi",
                "url": "https://pypi.org/simple",
                "verify_ssl": true
            }
        ]
    },
    "default": {
        "appdirs": {
            "hashes": [
                "sha256:7d5d0167b2b1ba821647616af46a749d1c653740dd0d2415100fe26e27afdf41",
                "sha256:a841dacd6b99318a741b166adb07e19ee71a274450e68237b4650ca1055ab128"
            ],
            "version": "==1.4.4"
        },
        "attrs": {
            "hashes": [
                "sha256:31b2eced602aa8423c2aea9c76a724617ed67cf9513173fd3a4f03e3a929c7e6",
                "sha256:832aa3cde19744e49938b91fea06d69ecb9e649c93ba974535d08ad92164f700"
            ],
            "version": "==20.3.0"
        },
        "black": {
            "hashes": [
                "sha256:09a9dcb7c46ed496a9850b76e4e825d6049ecd38b611f1224857a79bd985a8cf",
                "sha256:68950ffd4d9169716bcb8719a56c07a2f4485354fec061cdd5910aa07369731c"
            ],
            "index": "pypi",
            "version": "==19.3b0"
        },
        "click": {
            "hashes": [
                "sha256:06b3a46da3b40f4bbe19b8ea5ba9a34e7925913a9b51608ff0c1d78ef0b814b4",
                "sha256:7340a8666a3e2eff5f2ee778c2d06b606ce9891a61b2ee315e0a3994ffd2226a"
            ],
            "version": "==8.0.0rc1"
        },
        "coverage": {
            "hashes": [
                "sha256:108efa19b676e62590a7a13084098e35183479c0d9608131c20b0921c5a72dc0",
                "sha256:16fe3ef881eff27bab287f91dadb4ff0ce4388b9e928d84cbf148a83cc70b3a1",
                "sha256:1d0bbc11421827d1100da82ac8dc929532b97ad464038475a0f6505cbf83d6ea",
                "sha256:23a8ca5b3c9673f775cc151e85a737f1a967df2ec02b09e8c5a3b606ff2050bf",
                "sha256:24b890e51455276762b55cb06fa1c922066e8fc18d1deb1a6399b4d24dfa8ea2",
                "sha256:2f0041757ca4801f3c6a74d1660862fdb18a25aea302dd0ce9b067ddbb06b667",
                "sha256:3169aba03baddfccdab7cc04cf0878dbf76fc06d300bc35639129a6b794d6484",
                "sha256:364fb1bf0f999af2e7f4b1a1e614b2af8c3e0017d11af716aad25f911b7cd0c7",
                "sha256:5256856d23f3e45959e7e3a8f9d4cbad3d1613e5660cb8117cd1417798efc395",
                "sha256:5b26daa1e1a1147455bf62cd682e504e68f1d1e04235374d50a5248a3c792b1c",
                "sha256:60247c8f0c756732e2cfe21f03e6847b923b9a9eaff61f04dc64d3047ec1b669",
                "sha256:6463d51507308eb3973340d903537f17ece2ee1e6513aa0c27548fc3a09b0471",
                "sha256:64cbadf7a884b299794238bc4391752130e74f71e919993b50c1c431786ef2a2",
                "sha256:6de85748ea39ce819ad6d90e660da43964457a1f5cd25262e962a7c7c87945b3",
                "sha256:6f95b4794bd84f64aeca25087d8e3abc416aad76842afcac34fa6c3a6f61c62e",
                "sha256:778fa184aa3079fa3cbd240e2f5b36771c3382db26bc7bf78aea9d06212c6c66",
                "sha256:790a9c5e2dbdf6c41eec9776ed663e99bd36c1604e3bf2e8ae3b123181bfee9f",
                "sha256:7d97c1aec0b68b4ea5e3c9edb9fc3f951e8a52360f4bad3aacab9a77defe5b17",
                "sha256:93cefddcc0b541d3c52981a232947bf085a38092b0812317f1adb56f02869bcb",
                "sha256:95e49867ac616ec63ecd69ea005e65e4b896a48b8db7f9f3ad69f37be29324b7",
                "sha256:aca423563eafba66a7c15125391b267befd1e45238de5e1a119ae1fb4ea83b5c",
                "sha256:baef7c35e7fce738d9637e9c7a6aa79cb79085e4de49c2ec517ce19239a660f6",
                "sha256:c10ccf0797ffce85e93a40aff3a96a3adb63c734f95b59384a7c9522ed25c9e2",
                "sha256:ca39704a05bba1886c384a4d7944fda72c53fe5e61979cd933d22084678ad4c1",
                "sha256:f6e96d5eee578187f5b7e9266bf646b73de29e2dd7adca8bd83e383680ce1f4c",
                "sha256:fc6524511fa664cb4e91401229eedd0dad4ba6ded9c4423fee2f698d78908d9c",
                "sha256:fdf2e7e5f074495ad6ea796ca0d245aa6a8b9e4c546ffbf8d30aaaee6601af0f"
            ],
            "index": "pypi",
            "version": "==5.0a6"
        },
        "entrypoints": {
            "hashes": [
                "sha256:589f874b313739ad35be6e0cd7efde2a4e9b6fea91edcc34e58ecbb8dbe56d19",
                "sha256:c70dd71abe5a8c85e55e12c19bd91ccfeec11a6e99044204511f9ed547d48451"
            ],
            "version": "==0.3"
        },
        "flake8": {
            "hashes": [
                "sha256:19241c1cbc971b9962473e4438a2ca19749a7dd002dd1a946eaba171b4114548",
                "sha256:8e9dfa3cecb2400b3738a42c54c3043e821682b9c840b0448c0503f781130696"
            ],
            "index": "pypi",
            "version": "==3.7.8"
        },
        "iniconfig": {
            "hashes": [
                "sha256:011e24c64b7f47f6ebd835bb12a743f2fbe9a26d4cecaa7f53bc4f35ee9da8b3",
                "sha256:bc3af051d7d14b2ee5ef9969666def0cd1a000e121eaea580d4a313df4b37f32"
            ],
            "version": "==1.1.1"
        },
        "mccabe": {
            "hashes": [
                "sha256:ab8a6258860da4b6677da4bd2fe5dc2c659cff31b3ee4f7f5d64e79735b80d42",
                "sha256:dd8d182285a0fe56bace7f45b5e7d1a6ebcbf524e8f3bd87eb0f125271b8831f"
            ],
            "version": "==0.6.1"
        },
        "packaging": {
            "hashes": [
                "sha256:5b327ac1320dc863dca72f4514ecc086f31186744b84a230374cc1fd776feae5",
                "sha256:67714da7f7bc052e064859c05c595155bd1ee9f69f76557e21f051443c20947a"
            ],
            "version": "==20.9"
        },
        "pint": {
            "hashes": [
                "sha256:6593c5dfaf2f701c54f17453191dff05e90ec9ebc3d1901468a59cfcb3289a4c",
                "sha256:f4d0caa713239e6847a7c6eefe2427358566451fe56497d533f21fb590a3f313"
            ],
            "version": "==0.17"
        },
        "pluggy": {
            "hashes": [
                "sha256:265a94bf44ca13662f12fcd1b074c14d4b269a712f051b6f644ef7e705d6735f",
                "sha256:467f0219e89bb5061a8429c6fc5cf055fa3983a0e68e84a1d205046306b37d9e"
            ],
            "version": "==1.0.0.dev0"
        },
        "py": {
            "hashes": [
                "sha256:21b81bda15b66ef5e1a777a21c4dcd9c20ad3efd0b3f817e7a809035269e1bd3",
                "sha256:3b80836aa6d1feeaa108e046da6423ab8f6ceda6468545ae8d02d9d58d18818a"
            ],
            "index": "pypi",
            "version": "==1.10.0"
        },
        "pycodestyle": {
            "hashes": [
                "sha256:95a2219d12372f05704562a14ec30bc76b05a5b297b21a5dfe3f6fac3491ae56",
                "sha256:e40a936c9a450ad81df37f549d676d127b1b66000a6c500caa2b085bc0ca976c"
            ],
            "version": "==2.5.0"
        },
        "pyflakes": {
            "hashes": [
                "sha256:17dbeb2e3f4d772725c777fabc446d5634d1038f234e77343108ce445ea69ce0",
                "sha256:d976835886f8c5b31d47970ed689944a0262b5f3afa00a5a7b4dc81e5449f8a2"
            ],
            "version": "==2.1.1"
        },
        "pyfrc": {
            "hashes": [
                "sha256:3963fb6837ba9b5112694933c62e0d978f45e73f0180c3f9373b8c06a4c80e60",
                "sha256:bd46374d3b3452986f723f76a2bd5b7d8379a9ef3909c54f07afb8dec607f487"
            ],
            "index": "pypi",
            "version": "==2019.1.0"
        },
        "pygame": {
            "hashes": [
                "sha256:0dc21c1463189362423cbb3a5adf405db1b7560e865a1d5e4c37ca94ca72ba41",
                "sha256:1065beaa4915e0f27cea65fbe4dbef480b7ecd15662c7642e93a61167d48db34",
                "sha256:120ad1260fd9df40e1d973913e3e62df275bc418c3f81c0afbe8cf0a13b43023",
                "sha256:15619768b80ed73dc77818b4eae6bae0d23d6bc7129705dcde84af9e1859d26d",
                "sha256:1e3a02037aecf5f651bc792c1f5ff19989949c6823a466b5a82fe77bbfa53148",
                "sha256:30e4f917e7b3641ac6b5209963a105e674155cd98e17e3f0472bb4f044e78720",
                "sha256:4eb7724e07b0b8ecd3d21d4f9e0ca54332ea6c90c5ebfed2e8ec8558b1958c3b",
                "sha256:5b2b7325a4e77076ee6342dafac7ba7b75c48b05a25b5d102b37c93cf15e8f59",
                "sha256:6935f5a3ba3c7bd94b043e13f6d4d229ba97ec3d2e22829e3c38be6a5b9d8aa8",
                "sha256:7c962ba83c413fea20ad1ff8a4989396f0194d744d33b38e85b50e416b82911d",
                "sha256:7da134fc9c17b3d0ac3100d1bb46139913a6e9b7c52fabdbde6fe9be1f612c35",
                "sha256:81fbe388f6748b9f6989287dcc2b2fccb0b87c5119b066640b9a4ba649637ae9",
                "sha256:b74e67d0af10ee6563cedcabc6ec48f5f342bd01e26f5f478727703df613e698",
                "sha256:b8691d839217fc1cd1d433c153869111e8c0e1eddbf17e2a5808635c571b8391",
                "sha256:b93c3af698b0e7e017d73c622ace80df9166b803723414b419bb2745982a1fe2",
                "sha256:b9f5a25c9886d0b58b4dadfd99819a219128a355e659a6d1a27c226631656746",
                "sha256:c6714c859e5652e04a94645bb495b61b6ec00d9f1b7b976ea952261581b196c3",
                "sha256:d15e18591093f717844482b24846e42394f302f3c2d1ff02b649f9c297802576",
                "sha256:ddca4355896f9c6343b4273e1e9bc7e5987aa484f4973a3a3fd29aaa8678d8a7",
                "sha256:ea3660b2a43d0e299ae3a86f7a5a67334417c10869e754263896c71b048ee114",
                "sha256:f46eb0b6561a4b283ab8afc2a75523d4bdb7a809eaf696d66926646dbddde43c",
                "sha256:f4f81dd9086c7a948880f2454f2de0ea3ad78a7616423355d40738ba3366c159"
            ],
            "index": "pypi",
            "version": "==2.0.0.dev3"
        },
        "pynetconsole": {
            "hashes": [
                "sha256:0b442dcb66905452935ec93a1a48efab9b95df2151580895bc0040196948fbb0"
            ],
            "version": "==2.0.2"
        },
        "pynetworktables": {
            "hashes": [
                "sha256:1ad51d88ad61d0a4e6294c178a4adf3cdd4c4c11a95213d7d8170d87aa3ea242",
                "sha256:ab431d2b132e26f663027da9025b03e1acd16083e50f814cd045655053b9bb39"
            ],
            "index": "pypi",
            "version": "==2019.0.2"
        },
        "pyparsing": {
            "hashes": [
                "sha256:1c6409312ce2ce2997896af5756753778d5f1603666dba5587804f09ad82ed27",
                "sha256:f4896b4cc085a1f8f8ae53a1a90db5a86b3825ff73eb974dffee3d9e701007f4"
            ],
            "version": "==3.0.0b2"
        },
        "pytest": {
            "hashes": [
                "sha256:671238a46e4df0f3498d1c3270e5deb9b32d25134c99b7d75370a68cfbe9b634",
                "sha256:6ad9c7bdf517a808242b998ac20063c41532a570d088d77eec1ee12b0b5574bc"
            ],
            "version": "==6.2.3"
        },
        "robotpy-ctre": {
            "hashes": [
                "sha256:321a661e00b7c0a99805e342e89a7e378649f68c4d5f712392c521474f569844"
            ],
            "index": "pypi",
            "version": "==2019.3.2"
        },
        "robotpy-hal-base": {
            "hashes": [
                "sha256:148853e551e5adc265558b4e9854d13181d9b93c93019cb6e4530ced600256cf"
            ],
            "version": "==2019.2.3"
        },
        "robotpy-hal-sim": {
            "hashes": [
                "sha256:b11ed363675deeb8821b07275f0f136f1f84cce40e06d08caaf479638fb40276"
            ],
            "version": "==2019.2.3"
        },
        "robotpy-installer": {
            "hashes": [
                "sha256:2f7a951e7f46a50b59cd07a01e3fdf31f3231d4062500265a7dc9609c053caee"
            ],
            "version": "==2019.2.0"
        },
        "robotpy-navx": {
            "hashes": [
                "sha256:2e469e79ca6344ef93dced06c28b90780c486e6ceadf9237d5c747e42c17cde8",
                "sha256:f69836fe2961658884d773aa47894bf599aea9300be12f276e120fce64dd3da2"
            ],
            "index": "pypi",
            "version": "==2019.0.1"
        },
        "robotpy-wpilib-utilities": {
            "hashes": [
                "sha256:51129f116b388caa8ac011a763546c29b35a5598ad8bc88e06fee9e343782178",
                "sha256:650c068658bf1fee2892993ee5d006f8a82547a71a6b8929a9832addf2748054"
            ],
            "index": "pypi",
            "version": "==2019.0.9"
        },
        "toml": {
            "hashes": [
                "sha256:806143ae5bfb6a3c6e736a764057db0e6a0e05e338b5630894a5f779cabb4f9b",
                "sha256:b3bda1d108d5dd99f4a20d24d9c348e91c4db7ab1b749200bded2f839ccbe68f"
            ],
            "version": "==0.10.2"
        },
        "wpilib": {
            "hashes": [
                "sha256:cc47a395b2cfaf362cc087ba43a2a2d53ea576b1aa7c664937ccd61b34513343"
            ],
            "index": "pypi",
            "version": "==2019.2.3"
        }
    },
    "develop": {}
}
